
Microsoft Visual Studio Solution File, Format Version 12.00
# Visual Studio Version 16
VisualStudioVersion = 25.0.1705.4
MinimumVisualStudioVersion = 10.0.40219.1
Project("{FAE04EC0-301F-11D3-BF4B-00C04F79EFBC}") = "PersonalBlog", "PersonalBlog\PersonalBlog.csproj", "{F8189C21-D260-46EF-9EE3-2EFFE2C59902}"
EndProject
Global
	GlobalSection(SolutionConfigurationPlatforms) = preSolution
		Debug|Any CPU = Debug|Any CPU
		Release|Any CPU = Release|Any CPU
	EndGlobalSection
	GlobalSection(ProjectConfigurationPlatforms) = postSolution
		{F8189C21-D260-46EF-9EE3-2EFFE2C59902}.Debug|Any CPU.ActiveCfg = Debug|Any CPU
		{F8189C21-D260-46EF-9EE3-2EFFE2C59902}.Debug|Any CPU.Build.0 = Debug|Any CPU
		{F8189C21-D260-46EF-9EE3-2EFFE2C59902}.Release|Any CPU.ActiveCfg = Release|Any CPU
		{F8189C21-D260-46EF-9EE3-2EFFE2C59902}.Release|Any CPU.Build.0 = Release|Any CPU
	EndGlobalSection
	GlobalSection(SolutionProperties) = preSolution
		HideSolutionNode = FALSE
	EndGlobalSection
	GlobalSection(ExtensibilityGlobals) = postSolution
		SolutionGuid = {240BF2F6-5888-406D-AF27-00CC04728F01}
	EndGlobalSection
EndGlobal
